
Microsoft Visual Studio Solution File, Format Version 12.00
# Visual Studio Version 17
VisualStudioVersion = 17.4.33205.214
MinimumVisualStudioVersion = 10.0.40219.1
Project("{FAE04EC0-301F-11D3-BF4B-00C04F79EFBC}") = "CourseApplication", "CourseApplication\CourseApplication.csproj", "{59EEBEBA-D381-42AE-8D2D-29DEDFE9CF19}"
EndProject
Global
	GlobalSection(SolutionConfigurationPlatforms) = preSolution
		Debug|Any CPU = Debug|Any CPU
		Release|Any CPU = Release|Any CPU
	EndGlobalSection
	GlobalSection(ProjectConfigurationPlatforms) = postSolution
		{59EEBEBA-D381-42AE-8D2D-29DEDFE9CF19}.Debug|Any CPU.ActiveCfg = Debug|Any CPU
		{59EEBEBA-D381-42AE-8D2D-29DEDFE9CF19}.Debug|Any CPU.Build.0 = Debug|Any CPU
		{59EEBEBA-D381-42AE-8D2D-29DEDFE9CF19}.Release|Any CPU.ActiveCfg = Release|Any CPU
		{59EEBEBA-D381-42AE-8D2D-29DEDFE9CF19}.Release|Any CPU.Build.0 = Release|Any CPU
	EndGlobalSection
	GlobalSection(SolutionProperties) = preSolution
		HideSolutionNode = FALSE
	EndGlobalSection
	GlobalSection(ExtensibilityGlobals) = postSolution
		SolutionGuid = {9FD792CF-8DAF-483D-B5B6-F5896D846411}
	EndGlobalSection
EndGlobal
